
Microsoft Visual Studio Solution File, Format Version 12.00
# Visual Studio 15
VisualStudioVersion = 15.0.28307.572
MinimumVisualStudioVersion = 10.0.40219.1
Project("{FAE04EC0-301F-11D3-BF4B-00C04F79EFBC}") = "moneyconvert", "moneyconvert\moneyconvert.csproj", "{BD344872-68C5-4DF8-BD69-CC5565430D88}"
EndProject
Global
	GlobalSection(SolutionConfigurationPlatforms) = preSolution
		Debug|Any CPU = Debug|Any CPU
		Release|Any CPU = Release|Any CPU
	EndGlobalSection
	GlobalSection(ProjectConfigurationPlatforms) = postSolution
		{BD344872-68C5-4DF8-BD69-CC5565430D88}.Debug|Any CPU.ActiveCfg = Debug|Any CPU
		{BD344872-68C5-4DF8-BD69-CC5565430D88}.Debug|Any CPU.Build.0 = Debug|Any CPU
		{BD344872-68C5-4DF8-BD69-CC5565430D88}.Release|Any CPU.ActiveCfg = Release|Any CPU
		{BD344872-68C5-4DF8-BD69-CC5565430D88}.Release|Any CPU.Build.0 = Release|Any CPU
	EndGlobalSection
	GlobalSection(SolutionProperties) = preSolution
		HideSolutionNode = FALSE
	EndGlobalSection
	GlobalSection(ExtensibilityGlobals) = postSolution
		SolutionGuid = {287C9699-5794-4491-B2BA-84A29AC883B0}
	EndGlobalSection
EndGlobal
